// !$*UTF8*$!
{
	archiveVersion = 1;
	classes = {
	};
	objectVersion = 46;
	objects = {

/* Begin PBXBuildFile section */
		ACDDF2E31ABD57F60029DF5D /* AppDelegate.swift in Sources */ = {isa = PBXBuildFile; fileRef = ACDDF2E21ABD57F50029DF5D /* AppDelegate.swift */; };
		ACDDF2E61ABD57F60029DF5D /* Stroll_Safe.xcdatamodeld in Sources */ = {isa = PBXBuildFile; fileRef = ACDDF2E41ABD57F60029DF5D /* Stroll_Safe.xcdatamodeld */; };
		ACDDF2E81ABD57F60029DF5D /* ViewController.swift in Sources */ = {isa = PBXBuildFile; fileRef = ACDDF2E71ABD57F60029DF5D /* ViewController.swift */; };
		ACDDF2EB1ABD57F60029DF5D /* Main.storyboard in Resources */ = {isa = PBXBuildFile; fileRef = ACDDF2E91ABD57F60029DF5D /* Main.storyboard */; };
		ACDDF2ED1ABD57F60029DF5D /* Images.xcassets in Resources */ = {isa = PBXBuildFile; fileRef = ACDDF2EC1ABD57F60029DF5D /* Images.xcassets */; };
		ACDDF2F01ABD57F60029DF5D /* LaunchScreen.xib in Resources */ = {isa = PBXBuildFile; fileRef = ACDDF2EE1ABD57F60029DF5D /* LaunchScreen.xib */; };
		BF01558A1AC2094E00BED16A /* CircleProgressView.swift in Sources */ = {isa = PBXBuildFile; fileRef = BF0155891AC2094E00BED16A /* CircleProgressView.swift */; };
		BF2516A01AC368D200024CF6 /* Passcode.swift in Sources */ = {isa = PBXBuildFile; fileRef = BF25169F1AC368D200024CF6 /* Passcode.swift */; };
		BF2516A21AC3927300024CF6 /* PinpadViewController.swift in Sources */ = {isa = PBXBuildFile; fileRef = BF2516A11AC3927300024CF6 /* PinpadViewController.swift */; };
		BF2516A41AC39D5A00024CF6 /* ViewWithPinpadController.swift in Sources */ = {isa = PBXBuildFile; fileRef = BF2516A31AC39D5A00024CF6 /* ViewWithPinpadController.swift */; };
		BF2516A61AC3A4C600024CF6 /* SetPasscodeViewController.swift in Sources */ = {isa = PBXBuildFile; fileRef = BF2516A51AC3A4C600024CF6 /* SetPasscodeViewController.swift */; };
		BF477D421ABE782D005D76E8 /* LockdownControllerViewController.swift in Sources */ = {isa = PBXBuildFile; fileRef = BF477D411ABE782D005D76E8 /* LockdownControllerViewController.swift */; };
		BF477D441ABF6A5C005D76E8 /* OhShitLock.swift in Sources */ = {isa = PBXBuildFile; fileRef = BF477D431ABF6A5C005D76E8 /* OhShitLock.swift */; };
		BFD7C97E1ABE3D8200D973DF /* close_icon.png in Resources */ = {isa = PBXBuildFile; fileRef = BFD7C97B1ABE3D8200D973DF /* close_icon.png */; };
		BFD7C97F1ABE3D8200D973DF /* finger_icon.png in Resources */ = {isa = PBXBuildFile; fileRef = BFD7C97C1ABE3D8200D973DF /* finger_icon.png */; };
		BFD7C9801ABE3D8200D973DF /* shake_icon.png in Resources */ = {isa = PBXBuildFile; fileRef = BFD7C97D1ABE3D8200D973DF /* shake_icon.png */; };
		FA0D97F21B655D410038788E /* ViewControllerSpec.swift in Sources */ = {isa = PBXBuildFile; fileRef = FA0D97F11B655D410038788E /* ViewControllerSpec.swift */; };
		FA0D97F91B655D640038788E /* Quick.framework in Frameworks */ = {isa = PBXBuildFile; fileRef = FA0D97C21B655C770038788E /* Quick.framework */; };
		FA0D97FA1B655D680038788E /* Nimble.framework in Frameworks */ = {isa = PBXBuildFile; fileRef = FA0D97DE1B655C860038788E /* Nimble.framework */; };
		FA0D98051B6562A70038788E /* OhShitLockSpec.swift in Sources */ = {isa = PBXBuildFile; fileRef = FA0D98041B6562A70038788E /* OhShitLockSpec.swift */; };
		FA0D98061B6563840038788E /* OhShitLock.swift in Sources */ = {isa = PBXBuildFile; fileRef = BF477D431ABF6A5C005D76E8 /* OhShitLock.swift */; };
		FA0D98071B6566930038788E /* AppDelegate.swift in Sources */ = {isa = PBXBuildFile; fileRef = ACDDF2E21ABD57F50029DF5D /* AppDelegate.swift */; };
		FA59FE5C1B64196300F27162 /* Stroll_SafeUITests.swift in Sources */ = {isa = PBXBuildFile; fileRef = FA59FE5B1B64196300F27162 /* Stroll_SafeUITests.swift */; };
		FA59FE651B641D2F00F27162 /* LockUtil.swift in Sources */ = {isa = PBXBuildFile; fileRef = FA59FE641B641D2F00F27162 /* LockUtil.swift */; };
		FA8C718D1B069A3B0091BEB8 /* TermsViewController.swift in Sources */ = {isa = PBXBuildFile; fileRef = FA8C718C1B069A3B0091BEB8 /* TermsViewController.swift */; };
/* End PBXBuildFile section */

/* Begin PBXContainerItemProxy section */
		FA0D97BB1B655C770038788E /* PBXContainerItemProxy */ = {
			isa = PBXContainerItemProxy;
			containerPortal = FA0D97B21B655C770038788E /* Quick.xcodeproj */;
			proxyType = 2;
			remoteGlobalIDString = DAEB6B8E1943873100289F44;
			remoteInfo = "Quick-OSX";
		};
		FA0D97BD1B655C770038788E /* PBXContainerItemProxy */ = {
			isa = PBXContainerItemProxy;
			containerPortal = FA0D97B21B655C770038788E /* Quick.xcodeproj */;
			proxyType = 2;
			remoteGlobalIDString = DAEB6B991943873100289F44;
			remoteInfo = "Quick-OSXTests";
		};
		FA0D97BF1B655C770038788E /* PBXContainerItemProxy */ = {
			isa = PBXContainerItemProxy;
			containerPortal = FA0D97B21B655C770038788E /* Quick.xcodeproj */;
			proxyType = 2;
			remoteGlobalIDString = DA5663E81A4C8D8500193C88;
			remoteInfo = "QuickFocused-OSXTests";
		};
		FA0D97C11B655C770038788E /* PBXContainerItemProxy */ = {
			isa = PBXContainerItemProxy;
			containerPortal = FA0D97B21B655C770038788E /* Quick.xcodeproj */;
			proxyType = 2;
			remoteGlobalIDString = 5A5D117C19473F2100F6D13D;
			remoteInfo = "Quick-iOS";
		};
		FA0D97C31B655C770038788E /* PBXContainerItemProxy */ = {
			isa = PBXContainerItemProxy;
			containerPortal = FA0D97B21B655C770038788E /* Quick.xcodeproj */;
			proxyType = 2;
			remoteGlobalIDString = 5A5D118619473F2100F6D13D;
			remoteInfo = "Quick-iOSTests";
		};
		FA0D97C51B655C770038788E /* PBXContainerItemProxy */ = {
			isa = PBXContainerItemProxy;
			containerPortal = FA0D97B21B655C770038788E /* Quick.xcodeproj */;
			proxyType = 2;
			remoteGlobalIDString = DA9876B21A4C70EB0004AA17;
			remoteInfo = "QuickFocused-iOSTests";
		};
		FA0D97DD1B655C860038788E /* PBXContainerItemProxy */ = {
			isa = PBXContainerItemProxy;
			containerPortal = FA0D97D61B655C850038788E /* Nimble.xcodeproj */;
			proxyType = 2;
			remoteGlobalIDString = 1F1A74291940169200FFFC47;
			remoteInfo = "Nimble-iOS";
		};
		FA0D97DF1B655C860038788E /* PBXContainerItemProxy */ = {
			isa = PBXContainerItemProxy;
			containerPortal = FA0D97D61B655C850038788E /* Nimble.xcodeproj */;
			proxyType = 2;
			remoteGlobalIDString = 1F1A74341940169200FFFC47;
			remoteInfo = "Nimble-iOSTests";
		};
		FA0D97E11B655C860038788E /* PBXContainerItemProxy */ = {
			isa = PBXContainerItemProxy;
			containerPortal = FA0D97D61B655C850038788E /* Nimble.xcodeproj */;
			proxyType = 2;
			remoteGlobalIDString = 1F925EAD195C0D6300ED456B;
			remoteInfo = "Nimble-OSX";
		};
		FA0D97E31B655C860038788E /* PBXContainerItemProxy */ = {
			isa = PBXContainerItemProxy;
			containerPortal = FA0D97D61B655C850038788E /* Nimble.xcodeproj */;
			proxyType = 2;
			remoteGlobalIDString = 1F925EB7195C0D6300ED456B;
			remoteInfo = "Nimble-OSXTests";
		};
		FA0D97E91B655D060038788E /* PBXContainerItemProxy */ = {
			isa = PBXContainerItemProxy;
			containerPortal = ACDDF2D51ABD57F50029DF5D /* Project object */;
			proxyType = 1;
			remoteGlobalIDString = ACDDF2DC1ABD57F50029DF5D;
			remoteInfo = StrollSafe;
		};
		FA0D97F41B655D410038788E /* PBXContainerItemProxy */ = {
			isa = PBXContainerItemProxy;
			containerPortal = ACDDF2D51ABD57F50029DF5D /* Project object */;
			proxyType = 1;
			remoteGlobalIDString = ACDDF2DC1ABD57F50029DF5D;
			remoteInfo = StrollSafe;
		};
/* End PBXContainerItemProxy section */

/* Begin PBXFileReference section */
		ACDDF2DD1ABD57F50029DF5D /* StrollSafe.app */ = {isa = PBXFileReference; explicitFileType = wrapper.application; includeInIndex = 0; path = StrollSafe.app; sourceTree = BUILT_PRODUCTS_DIR; };
		ACDDF2E11ABD57F50029DF5D /* Info.plist */ = {isa = PBXFileReference; lastKnownFileType = text.plist.xml; path = Info.plist; sourceTree = "<group>"; };
		ACDDF2E21ABD57F50029DF5D /* AppDelegate.swift */ = {isa = PBXFileReference; lastKnownFileType = sourcecode.swift; path = AppDelegate.swift; sourceTree = "<group>"; };
		ACDDF2E51ABD57F60029DF5D /* Stroll_Safe.xcdatamodel */ = {isa = PBXFileReference; lastKnownFileType = wrapper.xcdatamodel; path = Stroll_Safe.xcdatamodel; sourceTree = "<group>"; };
		ACDDF2E71ABD57F60029DF5D /* ViewController.swift */ = {isa = PBXFileReference; lastKnownFileType = sourcecode.swift; path = ViewController.swift; sourceTree = "<group>"; };
		ACDDF2EA1ABD57F60029DF5D /* Base */ = {isa = PBXFileReference; lastKnownFileType = file.storyboard; name = Base; path = Base.lproj/Main.storyboard; sourceTree = "<group>"; };
		ACDDF2EC1ABD57F60029DF5D /* Images.xcassets */ = {isa = PBXFileReference; lastKnownFileType = folder.assetcatalog; path = Images.xcassets; sourceTree = "<group>"; };
		ACDDF2EF1ABD57F60029DF5D /* Base */ = {isa = PBXFileReference; lastKnownFileType = file.xib; name = Base; path = Base.lproj/LaunchScreen.xib; sourceTree = "<group>"; };
		BF0155891AC2094E00BED16A /* CircleProgressView.swift */ = {isa = PBXFileReference; fileEncoding = 4; lastKnownFileType = sourcecode.swift; path = CircleProgressView.swift; sourceTree = "<group>"; };
		BF25169F1AC368D200024CF6 /* Passcode.swift */ = {isa = PBXFileReference; fileEncoding = 4; lastKnownFileType = sourcecode.swift; path = Passcode.swift; sourceTree = "<group>"; };
		BF2516A11AC3927300024CF6 /* PinpadViewController.swift */ = {isa = PBXFileReference; fileEncoding = 4; lastKnownFileType = sourcecode.swift; path = PinpadViewController.swift; sourceTree = "<group>"; };
		BF2516A31AC39D5A00024CF6 /* ViewWithPinpadController.swift */ = {isa = PBXFileReference; fileEncoding = 4; lastKnownFileType = sourcecode.swift; path = ViewWithPinpadController.swift; sourceTree = "<group>"; };
		BF2516A51AC3A4C600024CF6 /* SetPasscodeViewController.swift */ = {isa = PBXFileReference; fileEncoding = 4; lastKnownFileType = sourcecode.swift; path = SetPasscodeViewController.swift; sourceTree = "<group>"; };
		BF477D411ABE782D005D76E8 /* LockdownControllerViewController.swift */ = {isa = PBXFileReference; fileEncoding = 4; lastKnownFileType = sourcecode.swift; path = LockdownControllerViewController.swift; sourceTree = "<group>"; };
		BF477D431ABF6A5C005D76E8 /* OhShitLock.swift */ = {isa = PBXFileReference; fileEncoding = 4; lastKnownFileType = sourcecode.swift; path = OhShitLock.swift; sourceTree = "<group>"; };
		BFD7C97B1ABE3D8200D973DF /* close_icon.png */ = {isa = PBXFileReference; lastKnownFileType = image.png; path = close_icon.png; sourceTree = "<group>"; };
		BFD7C97C1ABE3D8200D973DF /* finger_icon.png */ = {isa = PBXFileReference; lastKnownFileType = image.png; path = finger_icon.png; sourceTree = "<group>"; };
		BFD7C97D1ABE3D8200D973DF /* shake_icon.png */ = {isa = PBXFileReference; lastKnownFileType = image.png; path = shake_icon.png; sourceTree = "<group>"; };
		FA0D97B21B655C770038788E /* Quick.xcodeproj */ = {isa = PBXFileReference; lastKnownFileType = "wrapper.pb-project"; name = Quick.xcodeproj; path = Vendor/Quick/Quick.xcodeproj; sourceTree = "<group>"; };
		FA0D97D61B655C850038788E /* Nimble.xcodeproj */ = {isa = PBXFileReference; lastKnownFileType = "wrapper.pb-project"; name = Nimble.xcodeproj; path = Vendor/Quick/Externals/Nimble/Nimble.xcodeproj; sourceTree = "<group>"; };
		FA0D97EF1B655D410038788E /* StrollSafeTests.xctest */ = {isa = PBXFileReference; explicitFileType = wrapper.cfbundle; includeInIndex = 0; path = StrollSafeTests.xctest; sourceTree = BUILT_PRODUCTS_DIR; };
		FA0D97F11B655D410038788E /* ViewControllerSpec.swift */ = {isa = PBXFileReference; lastKnownFileType = sourcecode.swift; path = ViewControllerSpec.swift; sourceTree = "<group>"; };
		FA0D97F31B655D410038788E /* Info.plist */ = {isa = PBXFileReference; lastKnownFileType = text.plist.xml; path = Info.plist; sourceTree = "<group>"; };
		FA0D98041B6562A70038788E /* OhShitLockSpec.swift */ = {isa = PBXFileReference; fileEncoding = 4; lastKnownFileType = sourcecode.swift; path = OhShitLockSpec.swift; sourceTree = "<group>"; };
		FA59FE591B64196200F27162 /* StrollSafe.xctest */ = {isa = PBXFileReference; explicitFileType = wrapper.cfbundle; includeInIndex = 0; path = StrollSafe.xctest; sourceTree = BUILT_PRODUCTS_DIR; };
		FA59FE5B1B64196300F27162 /* Stroll_SafeUITests.swift */ = {isa = PBXFileReference; lastKnownFileType = sourcecode.swift; path = Stroll_SafeUITests.swift; sourceTree = "<group>"; };
		FA59FE5D1B64196300F27162 /* Info.plist */ = {isa = PBXFileReference; lastKnownFileType = text.plist.xml; path = Info.plist; sourceTree = "<group>"; };
		FA59FE641B641D2F00F27162 /* LockUtil.swift */ = {isa = PBXFileReference; fileEncoding = 4; lastKnownFileType = sourcecode.swift; path = LockUtil.swift; sourceTree = "<group>"; };
		FA8C718C1B069A3B0091BEB8 /* TermsViewController.swift */ = {isa = PBXFileReference; fileEncoding = 4; lastKnownFileType = sourcecode.swift; name = TermsViewController.swift; path = ../TermsViewController.swift; sourceTree = "<group>"; };
/* End PBXFileReference section */

/* Begin PBXFrameworksBuildPhase section */
		ACDDF2DA1ABD57F50029DF5D /* Frameworks */ = {
			isa = PBXFrameworksBuildPhase;
			buildActionMask = 2147483647;
			files = (
			);
			runOnlyForDeploymentPostprocessing = 0;
		};
		FA0D97EC1B655D410038788E /* Frameworks */ = {
			isa = PBXFrameworksBuildPhase;
			buildActionMask = 2147483647;
			files = (
				FA0D97FA1B655D680038788E /* Nimble.framework in Frameworks */,
				FA0D97F91B655D640038788E /* Quick.framework in Frameworks */,
			);
			runOnlyForDeploymentPostprocessing = 0;
		};
		FA59FE561B64196200F27162 /* Frameworks */ = {
			isa = PBXFrameworksBuildPhase;
			buildActionMask = 2147483647;
			files = (
			);
			runOnlyForDeploymentPostprocessing = 0;
		};
/* End PBXFrameworksBuildPhase section */

/* Begin PBXGroup section */
		ACDDF2D41ABD57F50029DF5D = {
			isa = PBXGroup;
			children = (
				FA59FE5A1B64196300F27162 /* Stroll SafeUITests */,
				FA0D97F01B655D410038788E /* StrollSafeTests */,
				BF25169B1AC3627C00024CF6 /* Frameworks */,
				ACDDF2DF1ABD57F50029DF5D /* Stroll Safe */,
				ACDDF2DE1ABD57F50029DF5D /* Products */,
				FA0D97D61B655C850038788E /* Nimble.xcodeproj */,
				FA0D97B21B655C770038788E /* Quick.xcodeproj */,
			);
			sourceTree = "<group>";
		};
		ACDDF2DE1ABD57F50029DF5D /* Products */ = {
			isa = PBXGroup;
			children = (
				ACDDF2DD1ABD57F50029DF5D /* StrollSafe.app */,
				FA59FE591B64196200F27162 /* StrollSafe.xctest */,
				FA0D97EF1B655D410038788E /* StrollSafeTests.xctest */,
			);
			name = Products;
			sourceTree = "<group>";
		};
		ACDDF2DF1ABD57F50029DF5D /* Stroll Safe */ = {
			isa = PBXGroup;
			children = (
				FA1CBC801B6460F200B81D15 /* Util */,
				FA1CBC7F1B6460B300B81D15 /* View Controllers */,
				BFD7C97A1ABE3D5000D973DF /* images */,
				ACDDF2E21ABD57F50029DF5D /* AppDelegate.swift */,
				ACDDF2E91ABD57F60029DF5D /* Main.storyboard */,
				ACDDF2EC1ABD57F60029DF5D /* Images.xcassets */,
				ACDDF2EE1ABD57F60029DF5D /* LaunchScreen.xib */,
				ACDDF2E41ABD57F60029DF5D /* Stroll_Safe.xcdatamodeld */,
				BF25169F1AC368D200024CF6 /* Passcode.swift */,
				ACDDF2E01ABD57F50029DF5D /* Supporting Files */,
			);
			path = "Stroll Safe";
			sourceTree = "<group>";
		};
		ACDDF2E01ABD57F50029DF5D /* Supporting Files */ = {
			isa = PBXGroup;
			children = (
				ACDDF2E11ABD57F50029DF5D /* Info.plist */,
			);
			name = "Supporting Files";
			sourceTree = "<group>";
		};
		BF25169B1AC3627C00024CF6 /* Frameworks */ = {
			isa = PBXGroup;
			children = (
			);
			name = Frameworks;
			path = "Stroll Safe";
			sourceTree = "<group>";
		};
		BFD7C97A1ABE3D5000D973DF /* images */ = {
			isa = PBXGroup;
			children = (
				BFD7C97B1ABE3D8200D973DF /* close_icon.png */,
				BFD7C97C1ABE3D8200D973DF /* finger_icon.png */,
				BFD7C97D1ABE3D8200D973DF /* shake_icon.png */,
			);
			name = images;
			sourceTree = "<group>";
		};
		FA0D97B31B655C770038788E /* Products */ = {
			isa = PBXGroup;
			children = (
				FA0D97BC1B655C770038788E /* Quick.framework */,
				FA0D97BE1B655C770038788E /* Quick-OSXTests.xctest */,
				FA0D97C01B655C770038788E /* QuickFocused-OSXTests.xctest */,
				FA0D97C21B655C770038788E /* Quick.framework */,
				FA0D97C41B655C770038788E /* Quick-iOSTests.xctest */,
				FA0D97C61B655C770038788E /* QuickFocused-iOSTests.xctest */,
			);
			name = Products;
			sourceTree = "<group>";
		};
		FA0D97D71B655C850038788E /* Products */ = {
			isa = PBXGroup;
			children = (
				FA0D97DE1B655C860038788E /* Nimble.framework */,
				FA0D97E01B655C860038788E /* NimbleTests.xctest */,
				FA0D97E21B655C860038788E /* Nimble.framework */,
				FA0D97E41B655C860038788E /* NimbleTests.xctest */,
			);
			name = Products;
			sourceTree = "<group>";
		};
		FA0D97F01B655D410038788E /* StrollSafeTests */ = {
			isa = PBXGroup;
			children = (
				FA0D98031B6562990038788E /* Util */,
				FA0D98021B6562910038788E /* View Controllers */,
				FA0D97F11B655D410038788E /* ViewControllerSpec.swift */,
				FA0D97F31B655D410038788E /* Info.plist */,
			);
			path = StrollSafeTests;
			sourceTree = "<group>";
		};
		FA0D98021B6562910038788E /* View Controllers */ = {
			isa = PBXGroup;
			children = (
			);
			name = "View Controllers";
			sourceTree = "<group>";
		};
		FA0D98031B6562990038788E /* Util */ = {
			isa = PBXGroup;
			children = (
				FA0D98041B6562A70038788E /* OhShitLockSpec.swift */,
			);
			name = Util;
			sourceTree = "<group>";
		};
		FA1CBC7F1B6460B300B81D15 /* View Controllers */ = {
			isa = PBXGroup;
			children = (
				BF477D411ABE782D005D76E8 /* LockdownControllerViewController.swift */,
				ACDDF2E71ABD57F60029DF5D /* ViewController.swift */,
				BF2516A51AC3A4C600024CF6 /* SetPasscodeViewController.swift */,
				FA8C718C1B069A3B0091BEB8 /* TermsViewController.swift */,
				BF2516A11AC3927300024CF6 /* PinpadViewController.swift */,
				BF2516A31AC39D5A00024CF6 /* ViewWithPinpadController.swift */,
			);
			name = "View Controllers";
			sourceTree = "<group>";
		};
		FA1CBC801B6460F200B81D15 /* Util */ = {
			isa = PBXGroup;
			children = (
				BF0155891AC2094E00BED16A /* CircleProgressView.swift */,
				BF477D431ABF6A5C005D76E8 /* OhShitLock.swift */,
			);
			name = Util;
			sourceTree = "<group>";
		};
		FA59FE5A1B64196300F27162 /* Stroll SafeUITests */ = {
			isa = PBXGroup;
			children = (
				FA59FE631B641CE000F27162 /* Util */,
				FA59FE5B1B64196300F27162 /* Stroll_SafeUITests.swift */,
				FA59FE5D1B64196300F27162 /* Info.plist */,
			);
			path = "Stroll SafeUITests";
			sourceTree = "<group>";
		};
		FA59FE631B641CE000F27162 /* Util */ = {
			isa = PBXGroup;
			children = (
				FA59FE641B641D2F00F27162 /* LockUtil.swift */,
			);
			name = Util;
			sourceTree = "<group>";
		};
/* End PBXGroup section */

/* Begin PBXNativeTarget section */
		ACDDF2DC1ABD57F50029DF5D /* StrollSafe */ = {
			isa = PBXNativeTarget;
			buildConfigurationList = ACDDF2FF1ABD57F60029DF5D /* Build configuration list for PBXNativeTarget "StrollSafe" */;
			buildPhases = (
				ACDDF2D91ABD57F50029DF5D /* Sources */,
				ACDDF2DA1ABD57F50029DF5D /* Frameworks */,
				ACDDF2DB1ABD57F50029DF5D /* Resources */,
			);
			buildRules = (
			);
			dependencies = (
			);
			name = StrollSafe;
			productName = "Stroll Safe";
			productReference = ACDDF2DD1ABD57F50029DF5D /* StrollSafe.app */;
			productType = "com.apple.product-type.application";
		};
		FA0D97EE1B655D410038788E /* StrollSafeTests */ = {
			isa = PBXNativeTarget;
			buildConfigurationList = FA0D97F61B655D410038788E /* Build configuration list for PBXNativeTarget "StrollSafeTests" */;
			buildPhases = (
				FA0D97EB1B655D410038788E /* Sources */,
				FA0D97EC1B655D410038788E /* Frameworks */,
				FA0D97ED1B655D410038788E /* Resources */,
			);
			buildRules = (
			);
			dependencies = (
				FA0D97F51B655D410038788E /* PBXTargetDependency */,
			);
			name = StrollSafeTests;
			productName = StrollSafeTests;
			productReference = FA0D97EF1B655D410038788E /* StrollSafeTests.xctest */;
			productType = "com.apple.product-type.bundle.unit-test";
		};
		FA59FE581B64196200F27162 /* StrollSafeUITests */ = {
			isa = PBXNativeTarget;
			buildConfigurationList = FA59FE601B64196300F27162 /* Build configuration list for PBXNativeTarget "StrollSafeUITests" */;
			buildPhases = (
				FA59FE551B64196200F27162 /* Sources */,
				FA59FE561B64196200F27162 /* Frameworks */,
				FA59FE571B64196200F27162 /* Resources */,
			);
			buildRules = (
			);
			dependencies = (
				FA0D97EA1B655D060038788E /* PBXTargetDependency */,
			);
			name = StrollSafeUITests;
			productName = "Stroll SafeUITests";
			productReference = FA59FE591B64196200F27162 /* StrollSafe.xctest */;
			productType = "com.apple.product-type.bundle.ui-testing";
		};
/* End PBXNativeTarget section */

/* Begin PBXProject section */
		ACDDF2D51ABD57F50029DF5D /* Project object */ = {
			isa = PBXProject;
			attributes = {
				LastSwiftMigration = 0700;
				LastSwiftUpdateCheck = 0700;
				LastUpgradeCheck = 0700;
				ORGANIZATIONNAME = "Stroll Safe";
				TargetAttributes = {
					ACDDF2DC1ABD57F50029DF5D = {
						CreatedOnToolsVersion = 6.2;
					};
					FA0D97EE1B655D410038788E = {
						CreatedOnToolsVersion = 7.0;
						TestTargetID = ACDDF2DC1ABD57F50029DF5D;
					};
					FA59FE581B64196200F27162 = {
						CreatedOnToolsVersion = 7.0;
						TestTargetID = ACDDF2DC1ABD57F50029DF5D;
					};
				};
			};
			buildConfigurationList = ACDDF2D81ABD57F50029DF5D /* Build configuration list for PBXProject "StrollSafe" */;
			compatibilityVersion = "Xcode 3.2";
			developmentRegion = English;
			hasScannedForEncodings = 0;
			knownRegions = (
				en,
				Base,
			);
			mainGroup = ACDDF2D41ABD57F50029DF5D;
			productRefGroup = ACDDF2DE1ABD57F50029DF5D /* Products */;
			projectDirPath = "";
			projectReferences = (
				{
					ProductGroup = FA0D97D71B655C850038788E /* Products */;
					ProjectRef = FA0D97D61B655C850038788E /* Nimble.xcodeproj */;
				},
				{
					ProductGroup = FA0D97B31B655C770038788E /* Products */;
					ProjectRef = FA0D97B21B655C770038788E /* Quick.xcodeproj */;
				},
			);
			projectRoot = "";
			targets = (
				ACDDF2DC1ABD57F50029DF5D /* StrollSafe */,
				FA59FE581B64196200F27162 /* StrollSafeUITests */,
				FA0D97EE1B655D410038788E /* StrollSafeTests */,
			);
		};
/* End PBXProject section */

/* Begin PBXReferenceProxy section */
		FA0D97BC1B655C770038788E /* Quick.framework */ = {
			isa = PBXReferenceProxy;
			fileType = wrapper.framework;
			path = Quick.framework;
			remoteRef = FA0D97BB1B655C770038788E /* PBXContainerItemProxy */;
			sourceTree = BUILT_PRODUCTS_DIR;
		};
		FA0D97BE1B655C770038788E /* Quick-OSXTests.xctest */ = {
			isa = PBXReferenceProxy;
			fileType = wrapper.cfbundle;
			path = "Quick-OSXTests.xctest";
			remoteRef = FA0D97BD1B655C770038788E /* PBXContainerItemProxy */;
			sourceTree = BUILT_PRODUCTS_DIR;
		};
		FA0D97C01B655C770038788E /* QuickFocused-OSXTests.xctest */ = {
			isa = PBXReferenceProxy;
			fileType = wrapper.cfbundle;
			path = "QuickFocused-OSXTests.xctest";
			remoteRef = FA0D97BF1B655C770038788E /* PBXContainerItemProxy */;
			sourceTree = BUILT_PRODUCTS_DIR;
		};
		FA0D97C21B655C770038788E /* Quick.framework */ = {
			isa = PBXReferenceProxy;
			fileType = wrapper.framework;
			path = Quick.framework;
			remoteRef = FA0D97C11B655C770038788E /* PBXContainerItemProxy */;
			sourceTree = BUILT_PRODUCTS_DIR;
		};
		FA0D97C41B655C770038788E /* Quick-iOSTests.xctest */ = {
			isa = PBXReferenceProxy;
			fileType = wrapper.cfbundle;
			path = "Quick-iOSTests.xctest";
			remoteRef = FA0D97C31B655C770038788E /* PBXContainerItemProxy */;
			sourceTree = BUILT_PRODUCTS_DIR;
		};
		FA0D97C61B655C770038788E /* QuickFocused-iOSTests.xctest */ = {
			isa = PBXReferenceProxy;
			fileType = wrapper.cfbundle;
			path = "QuickFocused-iOSTests.xctest";
			remoteRef = FA0D97C51B655C770038788E /* PBXContainerItemProxy */;
			sourceTree = BUILT_PRODUCTS_DIR;
		};
		FA0D97DE1B655C860038788E /* Nimble.framework */ = {
			isa = PBXReferenceProxy;
			fileType = wrapper.framework;
			path = Nimble.framework;
			remoteRef = FA0D97DD1B655C860038788E /* PBXContainerItemProxy */;
			sourceTree = BUILT_PRODUCTS_DIR;
		};
		FA0D97E01B655C860038788E /* NimbleTests.xctest */ = {
			isa = PBXReferenceProxy;
			fileType = wrapper.cfbundle;
			path = NimbleTests.xctest;
			remoteRef = FA0D97DF1B655C860038788E /* PBXContainerItemProxy */;
			sourceTree = BUILT_PRODUCTS_DIR;
		};
		FA0D97E21B655C860038788E /* Nimble.framework */ = {
			isa = PBXReferenceProxy;
			fileType = wrapper.framework;
			path = Nimble.framework;
			remoteRef = FA0D97E11B655C860038788E /* PBXContainerItemProxy */;
			sourceTree = BUILT_PRODUCTS_DIR;
		};
		FA0D97E41B655C860038788E /* NimbleTests.xctest */ = {
			isa = PBXReferenceProxy;
			fileType = wrapper.cfbundle;
			path = NimbleTests.xctest;
			remoteRef = FA0D97E31B655C860038788E /* PBXContainerItemProxy */;
			sourceTree = BUILT_PRODUCTS_DIR;
		};
/* End PBXReferenceProxy section */

/* Begin PBXResourcesBuildPhase section */
		ACDDF2DB1ABD57F50029DF5D /* Resources */ = {
			isa = PBXResourcesBuildPhase;
			buildActionMask = 2147483647;
			files = (
				ACDDF2EB1ABD57F60029DF5D /* Main.storyboard in Resources */,
				BFD7C9801ABE3D8200D973DF /* shake_icon.png in Resources */,
				ACDDF2F01ABD57F60029DF5D /* LaunchScreen.xib in Resources */,
				ACDDF2ED1ABD57F60029DF5D /* Images.xcassets in Resources */,
				BFD7C97E1ABE3D8200D973DF /* close_icon.png in Resources */,
				BFD7C97F1ABE3D8200D973DF /* finger_icon.png in Resources */,
			);
			runOnlyForDeploymentPostprocessing = 0;
		};
		FA0D97ED1B655D410038788E /* Resources */ = {
			isa = PBXResourcesBuildPhase;
			buildActionMask = 2147483647;
			files = (
			);
			runOnlyForDeploymentPostprocessing = 0;
		};
		FA59FE571B64196200F27162 /* Resources */ = {
			isa = PBXResourcesBuildPhase;
			buildActionMask = 2147483647;
			files = (
			);
			runOnlyForDeploymentPostprocessing = 0;
		};
/* End PBXResourcesBuildPhase section */

/* Begin PBXSourcesBuildPhase section */
		ACDDF2D91ABD57F50029DF5D /* Sources */ = {
			isa = PBXSourcesBuildPhase;
			buildActionMask = 2147483647;
			files = (
				FA8C718D1B069A3B0091BEB8 /* TermsViewController.swift in Sources */,
				BF2516A21AC3927300024CF6 /* PinpadViewController.swift in Sources */,
				ACDDF2E81ABD57F60029DF5D /* ViewController.swift in Sources */,
				BF2516A01AC368D200024CF6 /* Passcode.swift in Sources */,
				BF477D421ABE782D005D76E8 /* LockdownControllerViewController.swift in Sources */,
				ACDDF2E61ABD57F60029DF5D /* Stroll_Safe.xcdatamodeld in Sources */,
				ACDDF2E31ABD57F60029DF5D /* AppDelegate.swift in Sources */,
				BF477D441ABF6A5C005D76E8 /* OhShitLock.swift in Sources */,
				BF2516A61AC3A4C600024CF6 /* SetPasscodeViewController.swift in Sources */,
				BF01558A1AC2094E00BED16A /* CircleProgressView.swift in Sources */,
				BF2516A41AC39D5A00024CF6 /* ViewWithPinpadController.swift in Sources */,
			);
			runOnlyForDeploymentPostprocessing = 0;
		};
		FA0D97EB1B655D410038788E /* Sources */ = {
			isa = PBXSourcesBuildPhase;
			buildActionMask = 2147483647;
			files = (
				FA0D98061B6563840038788E /* OhShitLock.swift in Sources */,
				FA0D97F21B655D410038788E /* ViewControllerSpec.swift in Sources */,
				FA0D98071B6566930038788E /* AppDelegate.swift in Sources */,
				FA0D98051B6562A70038788E /* OhShitLockSpec.swift in Sources */,
			);
			runOnlyForDeploymentPostprocessing = 0;
		};
		FA59FE551B64196200F27162 /* Sources */ = {
			isa = PBXSourcesBuildPhase;
			buildActionMask = 2147483647;
			files = (
				FA59FE651B641D2F00F27162 /* LockUtil.swift in Sources */,
				FA59FE5C1B64196300F27162 /* Stroll_SafeUITests.swift in Sources */,
			);
			runOnlyForDeploymentPostprocessing = 0;
		};
/* End PBXSourcesBuildPhase section */

/* Begin PBXTargetDependency section */
		FA0D97EA1B655D060038788E /* PBXTargetDependency */ = {
			isa = PBXTargetDependency;
			target = ACDDF2DC1ABD57F50029DF5D /* StrollSafe */;
			targetProxy = FA0D97E91B655D060038788E /* PBXContainerItemProxy */;
		};
		FA0D97F51B655D410038788E /* PBXTargetDependency */ = {
			isa = PBXTargetDependency;
			target = ACDDF2DC1ABD57F50029DF5D /* StrollSafe */;
			targetProxy = FA0D97F41B655D410038788E /* PBXContainerItemProxy */;
		};
/* End PBXTargetDependency section */

/* Begin PBXVariantGroup section */
		ACDDF2E91ABD57F60029DF5D /* Main.storyboard */ = {
			isa = PBXVariantGroup;
			children = (
				ACDDF2EA1ABD57F60029DF5D /* Base */,
			);
			name = Main.storyboard;
			sourceTree = "<group>";
		};
		ACDDF2EE1ABD57F60029DF5D /* LaunchScreen.xib */ = {
			isa = PBXVariantGroup;
			children = (
				ACDDF2EF1ABD57F60029DF5D /* Base */,
			);
			name = LaunchScreen.xib;
			sourceTree = "<group>";
		};
/* End PBXVariantGroup section */

/* Begin XCBuildConfiguration section */
		ACDDF2FD1ABD57F60029DF5D /* Debug */ = {
			isa = XCBuildConfiguration;
			buildSettings = {
				ALWAYS_SEARCH_USER_PATHS = NO;
				CLANG_CXX_LANGUAGE_STANDARD = "gnu++0x";
				CLANG_CXX_LIBRARY = "libc++";
				CLANG_ENABLE_MODULES = YES;
				CLANG_ENABLE_OBJC_ARC = YES;
				CLANG_WARN_BOOL_CONVERSION = YES;
				CLANG_WARN_CONSTANT_CONVERSION = YES;
				CLANG_WARN_DIRECT_OBJC_ISA_USAGE = YES_ERROR;
				CLANG_WARN_EMPTY_BODY = YES;
				CLANG_WARN_ENUM_CONVERSION = YES;
				CLANG_WARN_INT_CONVERSION = YES;
				CLANG_WARN_OBJC_ROOT_CLASS = YES_ERROR;
				CLANG_WARN_UNREACHABLE_CODE = YES;
				CLANG_WARN__DUPLICATE_METHOD_MATCH = YES;
				"CODE_SIGN_IDENTITY[sdk=iphoneos*]" = "iPhone Developer";
				COPY_PHASE_STRIP = NO;
				DEFINES_MODULE = YES;
				ENABLE_STRICT_OBJC_MSGSEND = YES;
				ENABLE_TESTABILITY = YES;
				GCC_C_LANGUAGE_STANDARD = gnu99;
				GCC_DYNAMIC_NO_PIC = NO;
				GCC_OPTIMIZATION_LEVEL = 0;
				GCC_PREPROCESSOR_DEFINITIONS = (
					"DEBUG=1",
					"$(inherited)",
				);
				GCC_SYMBOLS_PRIVATE_EXTERN = NO;
				GCC_WARN_64_TO_32_BIT_CONVERSION = YES;
				GCC_WARN_ABOUT_RETURN_TYPE = YES_ERROR;
				GCC_WARN_UNDECLARED_SELECTOR = YES;
				GCC_WARN_UNINITIALIZED_AUTOS = YES_AGGRESSIVE;
				GCC_WARN_UNUSED_FUNCTION = YES;
				GCC_WARN_UNUSED_VARIABLE = YES;
				IPHONEOS_DEPLOYMENT_TARGET = 8.2;
				MTL_ENABLE_DEBUG_INFO = YES;
				ONLY_ACTIVE_ARCH = YES;
				SDKROOT = iphoneos;
				SWIFT_OPTIMIZATION_LEVEL = "-Onone";
			};
			name = Debug;
		};
		ACDDF2FE1ABD57F60029DF5D /* Release */ = {
			isa = XCBuildConfiguration;
			buildSettings = {
				ALWAYS_SEARCH_USER_PATHS = NO;
				CLANG_CXX_LANGUAGE_STANDARD = "gnu++0x";
				CLANG_CXX_LIBRARY = "libc++";
				CLANG_ENABLE_MODULES = YES;
				CLANG_ENABLE_OBJC_ARC = YES;
				CLANG_WARN_BOOL_CONVERSION = YES;
				CLANG_WARN_CONSTANT_CONVERSION = YES;
				CLANG_WARN_DIRECT_OBJC_ISA_USAGE = YES_ERROR;
				CLANG_WARN_EMPTY_BODY = YES;
				CLANG_WARN_ENUM_CONVERSION = YES;
				CLANG_WARN_INT_CONVERSION = YES;
				CLANG_WARN_OBJC_ROOT_CLASS = YES_ERROR;
				CLANG_WARN_UNREACHABLE_CODE = YES;
				CLANG_WARN__DUPLICATE_METHOD_MATCH = YES;
				"CODE_SIGN_IDENTITY[sdk=iphoneos*]" = "iPhone Developer";
				COPY_PHASE_STRIP = NO;
				DEFINES_MODULE = YES;
				ENABLE_NS_ASSERTIONS = NO;
				ENABLE_STRICT_OBJC_MSGSEND = YES;
				GCC_C_LANGUAGE_STANDARD = gnu99;
				GCC_WARN_64_TO_32_BIT_CONVERSION = YES;
				GCC_WARN_ABOUT_RETURN_TYPE = YES_ERROR;
				GCC_WARN_UNDECLARED_SELECTOR = YES;
				GCC_WARN_UNINITIALIZED_AUTOS = YES_AGGRESSIVE;
				GCC_WARN_UNUSED_FUNCTION = YES;
				GCC_WARN_UNUSED_VARIABLE = YES;
				IPHONEOS_DEPLOYMENT_TARGET = 8.2;
				MTL_ENABLE_DEBUG_INFO = NO;
				SDKROOT = iphoneos;
				VALIDATE_PRODUCT = YES;
			};
			name = Release;
		};
		ACDDF3001ABD57F60029DF5D /* Debug */ = {
			isa = XCBuildConfiguration;
			buildSettings = {
				ASSETCATALOG_COMPILER_APPICON_NAME = AppIcon;
				CODE_SIGN_IDENTITY = "iPhone Developer";
				DEFINES_MODULE = YES;
				INFOPLIST_FILE = "Stroll Safe/Info.plist";
				LD_RUNPATH_SEARCH_PATHS = "$(inherited) @executable_path/Frameworks";
				PRODUCT_BUNDLE_IDENTIFIER = "edu.illinois.$(PRODUCT_NAME:rfc1034identifier)";
				PRODUCT_NAME = StrollSafe;
			};
			name = Debug;
		};
		ACDDF3011ABD57F60029DF5D /* Release */ = {
			isa = XCBuildConfiguration;
			buildSettings = {
				ASSETCATALOG_COMPILER_APPICON_NAME = AppIcon;
				CODE_SIGN_IDENTITY = "iPhone Developer";
				DEFINES_MODULE = YES;
				INFOPLIST_FILE = "Stroll Safe/Info.plist";
				LD_RUNPATH_SEARCH_PATHS = "$(inherited) @executable_path/Frameworks";
				PRODUCT_BUNDLE_IDENTIFIER = "edu.illinois.$(PRODUCT_NAME:rfc1034identifier)";
				PRODUCT_NAME = StrollSafe;
			};
			name = Release;
		};
		FA0D97F71B655D410038788E /* Debug */ = {
			isa = XCBuildConfiguration;
			buildSettings = {
				BUNDLE_LOADER = "$(TEST_HOST)";
				DEBUG_INFORMATION_FORMAT = dwarf;
				GCC_NO_COMMON_BLOCKS = YES;
				INFOPLIST_FILE = StrollSafeTests/Info.plist;
				IPHONEOS_DEPLOYMENT_TARGET = 9.0;
				LD_RUNPATH_SEARCH_PATHS = "$(inherited) @executable_path/Frameworks @loader_path/Frameworks";
				PRODUCT_BUNDLE_IDENTIFIER = edu.illinois.StrollSafeTests;
				PRODUCT_NAME = "$(TARGET_NAME)";
				TEST_HOST = "$(BUILT_PRODUCTS_DIR)/StrollSafe.app/StrollSafe";
			};
			name = Debug;
		};
		FA0D97F81B655D410038788E /* Release */ = {
			isa = XCBuildConfiguration;
			buildSettings = {
				BUNDLE_LOADER = "$(TEST_HOST)";
				DEBUG_INFORMATION_FORMAT = "dwarf-with-dsym";
				GCC_NO_COMMON_BLOCKS = YES;
				INFOPLIST_FILE = StrollSafeTests/Info.plist;
				IPHONEOS_DEPLOYMENT_TARGET = 9.0;
				LD_RUNPATH_SEARCH_PATHS = "$(inherited) @executable_path/Frameworks @loader_path/Frameworks";
				PRODUCT_BUNDLE_IDENTIFIER = edu.illinois.StrollSafeTests;
				PRODUCT_NAME = "$(TARGET_NAME)";
				TEST_HOST = "$(BUILT_PRODUCTS_DIR)/StrollSafe.app/StrollSafe";
			};
			name = Release;
		};
		FA59FE611B64196300F27162 /* Debug */ = {
			isa = XCBuildConfiguration;
			buildSettings = {
				DEBUG_INFORMATION_FORMAT = dwarf;
				GCC_NO_COMMON_BLOCKS = YES;
				INFOPLIST_FILE = "Stroll SafeUITests/Info.plist";
				IPHONEOS_DEPLOYMENT_TARGET = 9.0;
				LD_RUNPATH_SEARCH_PATHS = "$(inherited) @executable_path/Frameworks @loader_path/Frameworks";
				PRODUCT_BUNDLE_IDENTIFIER = "edu.illinois.Stroll-SafeUITests";
				PRODUCT_NAME = StrollSafe;
				TEST_TARGET_NAME = StrollSafe;
				USES_XCTRUNNER = YES;
			};
			name = Debug;
		};
		FA59FE621B64196300F27162 /* Release */ = {
			isa = XCBuildConfiguration;
			buildSettings = {
				DEBUG_INFORMATION_FORMAT = "dwarf-with-dsym";
				GCC_NO_COMMON_BLOCKS = YES;
				INFOPLIST_FILE = "Stroll SafeUITests/Info.plist";
				IPHONEOS_DEPLOYMENT_TARGET = 9.0;
				LD_RUNPATH_SEARCH_PATHS = "$(inherited) @executable_path/Frameworks @loader_path/Frameworks";
				PRODUCT_BUNDLE_IDENTIFIER = "edu.illinois.Stroll-SafeUITests";
				PRODUCT_NAME = StrollSafe;
				TEST_TARGET_NAME = StrollSafe;
				USES_XCTRUNNER = YES;
			};
			name = Release;
		};
/* End XCBuildConfiguration section */

/* Begin XCConfigurationList section */
		ACDDF2D81ABD57F50029DF5D /* Build configuration list for PBXProject "StrollSafe" */ = {
			isa = XCConfigurationList;
			buildConfigurations = (
				ACDDF2FD1ABD57F60029DF5D /* Debug */,
				ACDDF2FE1ABD57F60029DF5D /* Release */,
			);
			defaultConfigurationIsVisible = 0;
			defaultConfigurationName = Release;
		};
		ACDDF2FF1ABD57F60029DF5D /* Build configuration list for PBXNativeTarget "StrollSafe" */ = {
			isa = XCConfigurationList;
			buildConfigurations = (
				ACDDF3001ABD57F60029DF5D /* Debug */,
				ACDDF3011ABD57F60029DF5D /* Release */,
			);
			defaultConfigurationIsVisible = 0;
			defaultConfigurationName = Release;
		};
		FA0D97F61B655D410038788E /* Build configuration list for PBXNativeTarget "StrollSafeTests" */ = {
			isa = XCConfigurationList;
			buildConfigurations = (
				FA0D97F71B655D410038788E /* Debug */,
				FA0D97F81B655D410038788E /* Release */,
			);
			defaultConfigurationIsVisible = 0;
			defaultConfigurationName = Release;
		};
		FA59FE601B64196300F27162 /* Build configuration list for PBXNativeTarget "StrollSafeUITests" */ = {
			isa = XCConfigurationList;
			buildConfigurations = (
				FA59FE611B64196300F27162 /* Debug */,
				FA59FE621B64196300F27162 /* Release */,
			);
			defaultConfigurationIsVisible = 0;
			defaultConfigurationName = Release;
		};
/* End XCConfigurationList section */

/* Begin XCVersionGroup section */
		ACDDF2E41ABD57F60029DF5D /* Stroll_Safe.xcdatamodeld */ = {
			isa = XCVersionGroup;
			children = (
				ACDDF2E51ABD57F60029DF5D /* Stroll_Safe.xcdatamodel */,
			);
			currentVersion = ACDDF2E51ABD57F60029DF5D /* Stroll_Safe.xcdatamodel */;
			path = Stroll_Safe.xcdatamodeld;
			sourceTree = "<group>";
			versionGroupType = wrapper.xcdatamodel;
		};
/* End XCVersionGroup section */
	};
	rootObject = ACDDF2D51ABD57F50029DF5D /* Project object */;
}
